
Microsoft Visual Studio Solution File, Format Version 12.00
# Visual Studio Version 16
VisualStudioVersion = 16.0.31729.503
MinimumVisualStudioVersion = 10.0.40219.1
Project("{FAE04EC0-301F-11D3-BF4B-00C04F79EFBC}") = "KaSSierYaremko", "KaSSierYaremko.csproj", "{DAAD75CB-D1E8-4A9A-B9FC-5DDB4452165F}"
EndProject
Global
	GlobalSection(SolutionConfigurationPlatforms) = preSolution
		Debug|Any CPU = Debug|Any CPU
		Release|Any CPU = Release|Any CPU
	EndGlobalSection
	GlobalSection(ProjectConfigurationPlatforms) = postSolution
		{DAAD75CB-D1E8-4A9A-B9FC-5DDB4452165F}.Debug|Any CPU.ActiveCfg = Debug|Any CPU
		{DAAD75CB-D1E8-4A9A-B9FC-5DDB4452165F}.Debug|Any CPU.Build.0 = Debug|Any CPU
		{DAAD75CB-D1E8-4A9A-B9FC-5DDB4452165F}.Release|Any CPU.ActiveCfg = Release|Any CPU
		{DAAD75CB-D1E8-4A9A-B9FC-5DDB4452165F}.Release|Any CPU.Build.0 = Release|Any CPU
	EndGlobalSection
	GlobalSection(SolutionProperties) = preSolution
		HideSolutionNode = FALSE
	EndGlobalSection
	GlobalSection(ExtensibilityGlobals) = postSolution
		SolutionGuid = {82A6B0FA-57EC-4343-8438-9C30C495CE7A}
	EndGlobalSection
EndGlobal
